{
  "name": "@devs-studio/kmp-js",
  "version": "1.0.0",
  "lockfileVersion": 3,
  "requires": true,
  "packages": {
    "": {
      "name": "@devs-studio/kmp-js",
      "version": "1.0.0",
      "license": "ISC",
      "dependencies": {
        "sql.js": "^1.11.0"
      },
      "devDependencies": {
        "typescript": "^5.6.2"
      }
    },
    "node_modules/sql.js": {
      "version": "1.11.0",
      "resolved": "https://registry.npmjs.org/sql.js/-/sql.js-1.11.0.tgz",
      "integrity": "sha512-GsLUDU3vhOo14Pd5ME0y2te49JQyby6HuoCuadevEV+CGgTUjmYRrm7B7lhRyzOgrmcWmspUfyjNb6sOAEqdsA=="
    },
    "node_modules/typescript": {
      "version": "5.6.2",
      "resolved": "https://registry.npmjs.org/typescript/-/typescript-5.6.2.tgz",
      "integrity": "sha512-NW8ByodCSNCwZeghjN3o+JX5OFH0Ojg6sadjEKY4huZ52TqbJTJnDo5+Tw98lSy63NZvi4n+ez5m2u5d4PkZyw==",
      "dev": true,
      "bin": {
        "tsc": "bin/tsc",
        "tsserver": "bin/tsserver"
      },
      "engines": {
        "node": ">=14.17"
      }
    }
  }
}
